
Microsoft Visual Studio Solution File, Format Version 12.00
# Visual Studio Version 17
VisualStudioVersion = 17.5.33516.290
MinimumVisualStudioVersion = 10.0.40219.1
Project("{FAE04EC0-301F-11D3-BF4B-00C04F79EFBC}") = "StokTakip", "StokTakip\StokTakip.csproj", "{6E4DBB7E-CC9B-4D61-9468-BF57580BD551}"
EndProject
Global
	GlobalSection(SolutionConfigurationPlatforms) = preSolution
		Debug|Any CPU = Debug|Any CPU
		Release|Any CPU = Release|Any CPU
	EndGlobalSection
	GlobalSection(ProjectConfigurationPlatforms) = postSolution
		{6E4DBB7E-CC9B-4D61-9468-BF57580BD551}.Debug|Any CPU.ActiveCfg = Debug|Any CPU
		{6E4DBB7E-CC9B-4D61-9468-BF57580BD551}.Debug|Any CPU.Build.0 = Debug|Any CPU
		{6E4DBB7E-CC9B-4D61-9468-BF57580BD551}.Release|Any CPU.ActiveCfg = Release|Any CPU
		{6E4DBB7E-CC9B-4D61-9468-BF57580BD551}.Release|Any CPU.Build.0 = Release|Any CPU
	EndGlobalSection
	GlobalSection(SolutionProperties) = preSolution
		HideSolutionNode = FALSE
	EndGlobalSection
	GlobalSection(ExtensibilityGlobals) = postSolution
		SolutionGuid = {55723D77-B59C-4274-87AA-E126D86F977C}
	EndGlobalSection
EndGlobal
